// !$*UTF8*$!
{
	archiveVersion = 1;
	classes = {
	};
	objectVersion = 50;
	objects = {

/* Begin PBXBuildFile section */
		14701F0F228BD82C004EBF93 /* AppDelegate.swift in Sources */ = {isa = PBXBuildFile; fileRef = 14701F0E228BD82C004EBF93 /* AppDelegate.swift */; };
		14701F11228BD82C004EBF93 /* ViewController.swift in Sources */ = {isa = PBXBuildFile; fileRef = 14701F10228BD82C004EBF93 /* ViewController.swift */; };
		14701F14228BD82C004EBF93 /* Main.storyboard in Resources */ = {isa = PBXBuildFile; fileRef = 14701F12228BD82C004EBF93 /* Main.storyboard */; };
		14701F16228BD82C004EBF93 /* Assets.xcassets in Resources */ = {isa = PBXBuildFile; fileRef = 14701F15228BD82C004EBF93 /* Assets.xcassets */; };
		14701F19228BD82C004EBF93 /* LaunchScreen.storyboard in Resources */ = {isa = PBXBuildFile; fileRef = 14701F17228BD82C004EBF93 /* LaunchScreen.storyboard */; };
		14701F21228BE586004EBF93 /* LearnerModel.swift in Sources */ = {isa = PBXBuildFile; fileRef = 14701F20228BE586004EBF93 /* LearnerModel.swift */; };
		14701F43228C0306004EBF93 /* Facilitator Model.swift in Sources */ = {isa = PBXBuildFile; fileRef = 14701F42228C0306004EBF93 /* Facilitator Model.swift */; };
/* End PBXBuildFile section */

/* Begin PBXFileReference section */
		14701F0B228BD82C004EBF93 /* LearnerOOP.app */ = {isa = PBXFileReference; explicitFileType = wrapper.application; includeInIndex = 0; path = LearnerOOP.app; sourceTree = BUILT_PRODUCTS_DIR; };
		14701F0E228BD82C004EBF93 /* AppDelegate.swift */ = {isa = PBXFileReference; lastKnownFileType = sourcecode.swift; path = AppDelegate.swift; sourceTree = "<group>"; };
		14701F10228BD82C004EBF93 /* ViewController.swift */ = {isa = PBXFileReference; lastKnownFileType = sourcecode.swift; path = ViewController.swift; sourceTree = "<group>"; };
		14701F13228BD82C004EBF93 /* Base */ = {isa = PBXFileReference; lastKnownFileType = file.storyboard; name = Base; path = Base.lproj/Main.storyboard; sourceTree = "<group>"; };
		14701F15228BD82C004EBF93 /* Assets.xcassets */ = {isa = PBXFileReference; lastKnownFileType = folder.assetcatalog; path = Assets.xcassets; sourceTree = "<group>"; };
		14701F18228BD82C004EBF93 /* Base */ = {isa = PBXFileReference; lastKnownFileType = file.storyboard; name = Base; path = Base.lproj/LaunchScreen.storyboard; sourceTree = "<group>"; };
		14701F1A228BD82C004EBF93 /* Info.plist */ = {isa = PBXFileReference; lastKnownFileType = text.plist.xml; path = Info.plist; sourceTree = "<group>"; };
		14701F20228BE586004EBF93 /* LearnerModel.swift */ = {isa = PBXFileReference; lastKnownFileType = sourcecode.swift; path = LearnerModel.swift; sourceTree = "<group>"; };
		14701F42228C0306004EBF93 /* Facilitator Model.swift */ = {isa = PBXFileReference; lastKnownFileType = sourcecode.swift; path = "Facilitator Model.swift"; sourceTree = "<group>"; };
/* End PBXFileReference section */

/* Begin PBXFrameworksBuildPhase section */
		14701F08228BD82C004EBF93 /* Frameworks */ = {
			isa = PBXFrameworksBuildPhase;
			buildActionMask = 2147483647;
			files = (
			);
			runOnlyForDeploymentPostprocessing = 0;
		};
/* End PBXFrameworksBuildPhase section */

/* Begin PBXGroup section */
		14701F02228BD82C004EBF93 = {
			isa = PBXGroup;
			children = (
				14701F20228BE586004EBF93 /* LearnerModel.swift */,
				14701F0D228BD82C004EBF93 /* LearnerOOP */,
				14701F0C228BD82C004EBF93 /* Products */,
			);
			sourceTree = "<group>";
		};
		14701F0C228BD82C004EBF93 /* Products */ = {
			isa = PBXGroup;
			children = (
				14701F0B228BD82C004EBF93 /* LearnerOOP.app */,
			);
			name = Products;
			sourceTree = "<group>";
		};
		14701F0D228BD82C004EBF93 /* LearnerOOP */ = {
			isa = PBXGroup;
			children = (
				14701F0E228BD82C004EBF93 /* AppDelegate.swift */,
				14701F10228BD82C004EBF93 /* ViewController.swift */,
				14701F12228BD82C004EBF93 /* Main.storyboard */,
				14701F42228C0306004EBF93 /* Facilitator Model.swift */,
				14701F15228BD82C004EBF93 /* Assets.xcassets */,
				14701F17228BD82C004EBF93 /* LaunchScreen.storyboard */,
				14701F1A228BD82C004EBF93 /* Info.plist */,
			);
			path = LearnerOOP;
			sourceTree = "<group>";
		};
/* End PBXGroup section */

/* Begin PBXNativeTarget section */
		14701F0A228BD82C004EBF93 /* LearnerOOP */ = {
			isa = PBXNativeTarget;
			buildConfigurationList = 14701F1D228BD82D004EBF93 /* Build configuration list for PBXNativeTarget "LearnerOOP" */;
			buildPhases = (
				14701F07228BD82C004EBF93 /* Sources */,
				14701F08228BD82C004EBF93 /* Frameworks */,
				14701F09228BD82C004EBF93 /* Resources */,
			);
			buildRules = (
			);
			dependencies = (
			);
			name = LearnerOOP;
			productName = LearnerOOP;
			productReference = 14701F0B228BD82C004EBF93 /* LearnerOOP.app */;
			productType = "com.apple.product-type.application";
		};
/* End PBXNativeTarget section */

/* Begin PBXProject section */
		14701F03228BD82C004EBF93 /* Project object */ = {
			isa = PBXProject;
			attributes = {
				LastSwiftUpdateCheck = 1020;
				LastUpgradeCheck = 1020;
				ORGANIZATIONNAME = "Steven Gunawan";
				TargetAttributes = {
					14701F0A228BD82C004EBF93 = {
						CreatedOnToolsVersion = 10.2.1;
					};
				};
			};
			buildConfigurationList = 14701F06228BD82C004EBF93 /* Build configuration list for PBXProject "LearnerOOP" */;
			compatibilityVersion = "Xcode 9.3";
			developmentRegion = en;
			hasScannedForEncodings = 0;
			knownRegions = (
				en,
				Base,
			);
			mainGroup = 14701F02228BD82C004EBF93;
			productRefGroup = 14701F0C228BD82C004EBF93 /* Products */;
			projectDirPath = "";
			projectRoot = "";
			targets = (
				14701F0A228BD82C004EBF93 /* LearnerOOP */,
			);
		};
/* End PBXProject section */

/* Begin PBXResourcesBuildPhase section */
		14701F09228BD82C004EBF93 /* Resources */ = {
			isa = PBXResourcesBuildPhase;
			buildActionMask = 2147483647;
			files = (
				14701F19228BD82C004EBF93 /* LaunchScreen.storyboard in Resources */,
				14701F16228BD82C004EBF93 /* Assets.xcassets in Resources */,
				14701F14228BD82C004EBF93 /* Main.storyboard in Resources */,
			);
			runOnlyForDeploymentPostprocessing = 0;
		};
/* End PBXResourcesBuildPhase section */

/* Begin PBXSourcesBuildPhase section */
		14701F07228BD82C004EBF93 /* Sources */ = {
			isa = PBXSourcesBuildPhase;
			buildActionMask = 2147483647;
			files = (
				14701F11228BD82C004EBF93 /* ViewController.swift in Sources */,
				14701F43228C0306004EBF93 /* Facilitator Model.swift in Sources */,
				14701F21228BE586004EBF93 /* LearnerModel.swift in Sources */,
				14701F0F228BD82C004EBF93 /* AppDelegate.swift in Sources */,
			);
			runOnlyForDeploymentPostprocessing = 0;
		};
/* End PBXSourcesBuildPhase section */

/* Begin PBXVariantGroup section */
		14701F12228BD82C004EBF93 /* Main.storyboard */ = {
			isa = PBXVariantGroup;
			children = (
				14701F13228BD82C004EBF93 /* Base */,
			);
			name = Main.storyboard;
			sourceTree = "<group>";
		};
		14701F17228BD82C004EBF93 /* LaunchScreen.storyboard */ = {
			isa = PBXVariantGroup;
			children = (
				14701F18228BD82C004EBF93 /* Base */,
			);
			name = LaunchScreen.storyboard;
			sourceTree = "<group>";
		};
/* End PBXVariantGroup section */

/* Begin XCBuildConfiguration section */
		14701F1B228BD82D004EBF93 /* Debug */ = {
			isa = XCBuildConfiguration;
			buildSettings = {
				ALWAYS_SEARCH_USER_PATHS = NO;
				CLANG_ANALYZER_NONNULL = YES;
				CLANG_ANALYZER_NUMBER_OBJECT_CONVERSION = YES_AGGRESSIVE;
				CLANG_CXX_LANGUAGE_STANDARD = "gnu++14";
				CLANG_CXX_LIBRARY = "libc++";
				CLANG_ENABLE_MODULES = YES;
				CLANG_ENABLE_OBJC_ARC = YES;
				CLANG_ENABLE_OBJC_WEAK = YES;
				CLANG_WARN_BLOCK_CAPTURE_AUTORELEASING = YES;
				CLANG_WARN_BOOL_CONVERSION = YES;
				CLANG_WARN_COMMA = YES;
				CLANG_WARN_CONSTANT_CONVERSION = YES;
				CLANG_WARN_DEPRECATED_OBJC_IMPLEMENTATIONS = YES;
				CLANG_WARN_DIRECT_OBJC_ISA_USAGE = YES_ERROR;
				CLANG_WARN_DOCUMENTATION_COMMENTS = YES;
				CLANG_WARN_EMPTY_BODY = YES;
				CLANG_WARN_ENUM_CONVERSION = YES;
				CLANG_WARN_INFINITE_RECURSION = YES;
				CLANG_WARN_INT_CONVERSION = YES;
				CLANG_WARN_NON_LITERAL_NULL_CONVERSION = YES;
				CLANG_WARN_OBJC_IMPLICIT_RETAIN_SELF = YES;
				CLANG_WARN_OBJC_LITERAL_CONVERSION = YES;
				CLANG_WARN_OBJC_ROOT_CLASS = YES_ERROR;
				CLANG_WARN_RANGE_LOOP_ANALYSIS = YES;
				CLANG_WARN_STRICT_PROTOTYPES = YES;
				CLANG_WARN_SUSPICIOUS_MOVE = YES;
				CLANG_WARN_UNGUARDED_AVAILABILITY = YES_AGGRESSIVE;
				CLANG_WARN_UNREACHABLE_CODE = YES;
				CLANG_WARN__DUPLICATE_METHOD_MATCH = YES;
				CODE_SIGN_IDENTITY = "iPhone Developer";
				COPY_PHASE_STRIP = NO;
				DEBUG_INFORMATION_FORMAT = dwarf;
				ENABLE_STRICT_OBJC_MSGSEND = YES;
				ENABLE_TESTABILITY = YES;
				GCC_C_LANGUAGE_STANDARD = gnu11;
				GCC_DYNAMIC_NO_PIC = NO;
				GCC_NO_COMMON_BLOCKS = YES;
				GCC_OPTIMIZATION_LEVEL = 0;
				GCC_PREPROCESSOR_DEFINITIONS = (
					"DEBUG=1",
					"$(inherited)",
				);
				GCC_WARN_64_TO_32_BIT_CONVERSION = YES;
				GCC_WARN_ABOUT_RETURN_TYPE = YES_ERROR;
				GCC_WARN_UNDECLARED_SELECTOR = YES;
				GCC_WARN_UNINITIALIZED_AUTOS = YES_AGGRESSIVE;
				GCC_WARN_UNUSED_FUNCTION = YES;
				GCC_WARN_UNUSED_VARIABLE = YES;
				IPHONEOS_DEPLOYMENT_TARGET = 12.2;
				MTL_ENABLE_DEBUG_INFO = INCLUDE_SOURCE;
				MTL_FAST_MATH = YES;
				ONLY_ACTIVE_ARCH = YES;
				SDKROOT = iphoneos;
				SWIFT_ACTIVE_COMPILATION_CONDITIONS = DEBUG;
				SWIFT_OPTIMIZATION_LEVEL = "-Onone";
			};
			name = Debug;
		};
		14701F1C228BD82D004EBF93 /* Release */ = {
			isa = XCBuildConfiguration;
			buildSettings = {
				ALWAYS_SEARCH_USER_PATHS = NO;
				CLANG_ANALYZER_NONNULL = YES;
				CLANG_ANALYZER_NUMBER_OBJECT_CONVERSION = YES_AGGRESSIVE;
				CLANG_CXX_LANGUAGE_STANDARD = "gnu++14";
				CLANG_CXX_LIBRARY = "libc++";
				CLANG_ENABLE_MODULES = YES;
				CLANG_ENABLE_OBJC_ARC = YES;
				CLANG_ENABLE_OBJC_WEAK = YES;
				CLANG_WARN_BLOCK_CAPTURE_AUTORELEASING = YES;
				CLANG_WARN_BOOL_CONVERSION = YES;
				CLANG_WARN_COMMA = YES;
				CLANG_WARN_CONSTANT_CONVERSION = YES;
				CLANG_WARN_DEPRECATED_OBJC_IMPLEMENTATIONS = YES;
				CLANG_WARN_DIRECT_OBJC_ISA_USAGE = YES_ERROR;
				CLANG_WARN_DOCUMENTATION_COMMENTS = YES;
				CLANG_WARN_EMPTY_BODY = YES;
				CLANG_WARN_ENUM_CONVERSION = YES;
				CLANG_WARN_INFINITE_RECURSION = YES;
				CLANG_WARN_INT_CONVERSION = YES;
				CLANG_WARN_NON_LITERAL_NULL_CONVERSION = YES;
				CLANG_WARN_OBJC_IMPLICIT_RETAIN_SELF = YES;
				CLANG_WARN_OBJC_LITERAL_CONVERSION = YES;
				CLANG_WARN_OBJC_ROOT_CLASS = YES_ERROR;
				CLANG_WARN_RANGE_LOOP_ANALYSIS = YES;
				CLANG_WARN_STRICT_PROTOTYPES = YES;
				CLANG_WARN_SUSPICIOUS_MOVE = YES;
				CLANG_WARN_UNGUARDED_AVAILABILITY = YES_AGGRESSIVE;
				CLANG_WARN_UNREACHABLE_CODE = YES;
				CLANG_WARN__DUPLICATE_METHOD_MATCH = YES;
				CODE_SIGN_IDENTITY = "iPhone Developer";
				COPY_PHASE_STRIP = NO;
				DEBUG_INFORMATION_FORMAT = "dwarf-with-dsym";
				ENABLE_NS_ASSERTIONS = NO;
				ENABLE_STRICT_OBJC_MSGSEND = YES;
				GCC_C_LANGUAGE_STANDARD = gnu11;
				GCC_NO_COMMON_BLOCKS = YES;
				GCC_WARN_64_TO_32_BIT_CONVERSION = YES;
				GCC_WARN_ABOUT_RETURN_TYPE = YES_ERROR;
				GCC_WARN_UNDECLARED_SELECTOR = YES;
				GCC_WARN_UNINITIALIZED_AUTOS = YES_AGGRESSIVE;
				GCC_WARN_UNUSED_FUNCTION = YES;
				GCC_WARN_UNUSED_VARIABLE = YES;
				IPHONEOS_DEPLOYMENT_TARGET = 12.2;
				MTL_ENABLE_DEBUG_INFO = NO;
				MTL_FAST_MATH = YES;
				SDKROOT = iphoneos;
				SWIFT_COMPILATION_MODE = wholemodule;
				SWIFT_OPTIMIZATION_LEVEL = "-O";
				VALIDATE_PRODUCT = YES;
			};
			name = Release;
		};
		14701F1E228BD82D004EBF93 /* Debug */ = {
			isa = XCBuildConfiguration;
			buildSettings = {
				ASSETCATALOG_COMPILER_APPICON_NAME = AppIcon;
				CODE_SIGN_STYLE = Automatic;
				DEVELOPMENT_TEAM = JC39HLBD2Z;
				INFOPLIST_FILE = LearnerOOP/Info.plist;
				LD_RUNPATH_SEARCH_PATHS = (
					"$(inherited)",
					"@executable_path/Frameworks",
				);
				PRODUCT_BUNDLE_IDENTIFIER = stevengunawan.LearnerOOP;
				PRODUCT_NAME = "$(TARGET_NAME)";
				SWIFT_VERSION = 5.0;
				TARGETED_DEVICE_FAMILY = "1,2";
			};
			name = Debug;
		};
		14701F1F228BD82D004EBF93 /* Release */ = {
			isa = XCBuildConfiguration;
			buildSettings = {
				ASSETCATALOG_COMPILER_APPICON_NAME = AppIcon;
				CODE_SIGN_STYLE = Automatic;
				DEVELOPMENT_TEAM = JC39HLBD2Z;
				INFOPLIST_FILE = LearnerOOP/Info.plist;
				LD_RUNPATH_SEARCH_PATHS = (
					"$(inherited)",
					"@executable_path/Frameworks",
				);
				PRODUCT_BUNDLE_IDENTIFIER = stevengunawan.LearnerOOP;
				PRODUCT_NAME = "$(TARGET_NAME)";
				SWIFT_VERSION = 5.0;
				TARGETED_DEVICE_FAMILY = "1,2";
			};
			name = Release;
		};
/* End XCBuildConfiguration section */

/* Begin XCConfigurationList section */
		14701F06228BD82C004EBF93 /* Build configuration list for PBXProject "LearnerOOP" */ = {
			isa = XCConfigurationList;
			buildConfigurations = (
				14701F1B228BD82D004EBF93 /* Debug */,
				14701F1C228BD82D004EBF93 /* Release */,
			);
			defaultConfigurationIsVisible = 0;
			defaultConfigurationName = Release;
		};
		14701F1D228BD82D004EBF93 /* Build configuration list for PBXNativeTarget "LearnerOOP" */ = {
			isa = XCConfigurationList;
			buildConfigurations = (
				14701F1E228BD82D004EBF93 /* Debug */,
				14701F1F228BD82D004EBF93 /* Release */,
			);
			defaultConfigurationIsVisible = 0;
			defaultConfigurationName = Release;
		};
/* End XCConfigurationList section */
	};
	rootObject = 14701F03228BD82C004EBF93 /* Project object */;
}
